
Microsoft Visual Studio Solution File, Format Version 12.00
# Visual Studio Version 17
VisualStudioVersion = 17.9.34728.123
MinimumVisualStudioVersion = 10.0.40219.1
Project("{9A19103F-16F7-4668-BE54-9A1E7A4F7556}") = "TaskOneDraft", "TaskOneDraft\TaskOneDraft.csproj", "{8FAFED38-BF2E-4D5B-B1C9-36573A9BF1E0}"
EndProject
Project("{FAE04EC0-301F-11D3-BF4B-00C04F79EFBC}") = "TestProject1", "TestProject1\TestProject1.csproj", "{AB3B693E-875A-4EFA-A9F4-087621D6FED9}"
EndProject
Global
	GlobalSection(SolutionConfigurationPlatforms) = preSolution
		Debug|Any CPU = Debug|Any CPU
		Release|Any CPU = Release|Any CPU
	EndGlobalSection
	GlobalSection(ProjectConfigurationPlatforms) = postSolution
		{8FAFED38-BF2E-4D5B-B1C9-36573A9BF1E0}.Debug|Any CPU.ActiveCfg = Debug|Any CPU
		{8FAFED38-BF2E-4D5B-B1C9-36573A9BF1E0}.Debug|Any CPU.Build.0 = Debug|Any CPU
		{8FAFED38-BF2E-4D5B-B1C9-36573A9BF1E0}.Release|Any CPU.ActiveCfg = Release|Any CPU
		{8FAFED38-BF2E-4D5B-B1C9-36573A9BF1E0}.Release|Any CPU.Build.0 = Release|Any CPU
		{AB3B693E-875A-4EFA-A9F4-087621D6FED9}.Debug|Any CPU.ActiveCfg = Debug|Any CPU
		{AB3B693E-875A-4EFA-A9F4-087621D6FED9}.Debug|Any CPU.Build.0 = Debug|Any CPU
		{AB3B693E-875A-4EFA-A9F4-087621D6FED9}.Release|Any CPU.ActiveCfg = Release|Any CPU
		{AB3B693E-875A-4EFA-A9F4-087621D6FED9}.Release|Any CPU.Build.0 = Release|Any CPU
	EndGlobalSection
	GlobalSection(SolutionProperties) = preSolution
		HideSolutionNode = FALSE
	EndGlobalSection
	GlobalSection(ExtensibilityGlobals) = postSolution
		SolutionGuid = {5884B160-833E-4E2B-A0B9-E34F0AA0B841}
	EndGlobalSection
EndGlobal
